
Microsoft Visual Studio Solution File, Format Version 12.00
# Visual Studio Version 17
VisualStudioVersion = 17.12.35527.113 d17.12
MinimumVisualStudioVersion = 10.0.40219.1
Project("{FAE04EC0-301F-11D3-BF4B-00C04F79EFBC}") = "day1", "day1\day1.csproj", "{6407E54B-62DC-4BB9-B423-5083E40FADDA}"
EndProject
Global
	GlobalSection(SolutionConfigurationPlatforms) = preSolution
		Debug|Any CPU = Debug|Any CPU
		Release|Any CPU = Release|Any CPU
	EndGlobalSection
	GlobalSection(ProjectConfigurationPlatforms) = postSolution
		{6407E54B-62DC-4BB9-B423-5083E40FADDA}.Debug|Any CPU.ActiveCfg = Debug|Any CPU
		{6407E54B-62DC-4BB9-B423-5083E40FADDA}.Debug|Any CPU.Build.0 = Debug|Any CPU
		{6407E54B-62DC-4BB9-B423-5083E40FADDA}.Release|Any CPU.ActiveCfg = Release|Any CPU
		{6407E54B-62DC-4BB9-B423-5083E40FADDA}.Release|Any CPU.Build.0 = Release|Any CPU
	EndGlobalSection
	GlobalSection(SolutionProperties) = preSolution
		HideSolutionNode = FALSE
	EndGlobalSection
EndGlobal
